github.com/SutanBahtiar/go-mod-hello-world v1.0.0 h1:8CQ18sdlJWiSc3oboVng432iF12d0uz9hsWqf3HtQCQ=
github.com/SutanBahtiar/go-mod-hello-world v1.0.0/go.mod h1:DbyUqrb/CCmAStJOqcj4NeBpVAg3+H1t1luzJXbIcCI=
github.com/SutanBahtiar/go-mod-hello-world v1.0.1 h1:oeBCq3Mcawsv3HoOpSkN0pDovj0CXuN+VxnPSrR9wAw=
github.com/SutanBahtiar/go-mod-hello-world v1.0.1/go.mod h1:DbyUqrb/CCmAStJOqcj4NeBpVAg3+H1t1luzJXbIcCI=
github.com/SutanBahtiar/go-mod-hello-world v1.0.2 h1:mWJzKtowwhpqsbJOhBzVzZr9q38zif4Ohonkl4CcjOc=
github.com/SutanBahtiar/go-mod-hello-world v1.0.2/go.mod h1:DbyUqrb/CCmAStJOqcj4NeBpVAg3+H1t1luzJXbIcCI=
